PODS:
  - DTTJailbreakDetection (0.4.0)
  - Flutter (1.0.0)
  - permission_handler_apple (9.3.0):
    - Flutter
  - safe_device (1.0.0):
    - DTTJailbreakDetection
    - Flutter

DEPENDENCIES:
  - DTTJailbreakDetection
  - Flutter (from `Flutter`)
  - permission_handler_apple (from `.symlinks/plugins/permission_handler_apple/ios`)
  - safe_device (from `.symlinks/plugins/safe_device/ios`)

SPEC REPOS:
  trunk:
    - DTTJailbreakDetection

EXTERNAL SOURCES:
  Flutter:
    :path: Flutter
  permission_handler_apple:
    :path: ".symlinks/plugins/permission_handler_apple/ios"
  safe_device:
    :path: ".symlinks/plugins/safe_device/ios"

SPEC CHECKSUMS:
  DTTJailbreakDetection: 5e356c5badc17995f65a83ed9483f787a0057b71
  Flutter: e0871f40cf51350855a761d2e70bf5af5b9b5de7
  permission_handler_apple: 036b856153a2b1f61f21030ff725f3e6fece2b78
  safe_device: 4539eb6bdbeb4b61a763a51c4e73e6b37dea4e3d

PODFILE CHECKSUM: ab451996734f2a40addd614ee3db16206a15ff1e

COCOAPODS: 1.14.3
